
Microsoft Visual Studio Solution File, Format Version 12.00
# Visual Studio Version 17
VisualStudioVersion = 17.11.35118.90
MinimumVisualStudioVersion = 10.0.40219.1
Project("{FAE04EC0-301F-11D3-BF4B-00C04F79EFBC}") = "IdentitySample", "IdentitySample.csproj", "{AC9E7295-94DB-4269-AB71-1587A9640760}"
EndProject
Global
	GlobalSection(SolutionConfigurationPlatforms) = preSolution
		Debug|Any CPU = Debug|Any CPU
		Release|Any CPU = Release|Any CPU
	EndGlobalSection
	GlobalSection(ProjectConfigurationPlatforms) = postSolution
		{AC9E7295-94DB-4269-AB71-1587A9640760}.Debug|Any CPU.ActiveCfg = Debug|Any CPU
		{AC9E7295-94DB-4269-AB71-1587A9640760}.Debug|Any CPU.Build.0 = Debug|Any CPU
		{AC9E7295-94DB-4269-AB71-1587A9640760}.Release|Any CPU.ActiveCfg = Release|Any CPU
		{AC9E7295-94DB-4269-AB71-1587A9640760}.Release|Any CPU.Build.0 = Release|Any CPU
	EndGlobalSection
	GlobalSection(SolutionProperties) = preSolution
		HideSolutionNode = FALSE
	EndGlobalSection
	GlobalSection(ExtensibilityGlobals) = postSolution
		SolutionGuid = {A9B593B4-C84E-4529-A889-534C52EC9671}
	EndGlobalSection
EndGlobal
